// !$*UTF8*$!
{
	archiveVersion = 1;
	classes = {
	};
	objectVersion = 46;
	objects = {

/* Begin PBXBuildFile section */
		068714611DC5E56000896C58 /* LogiinViewController.m in Sources */ = {isa = PBXBuildFile; fileRef = 0687145F1DC5E56000896C58 /* LogiinViewController.m */; };
		06EE62E71DC59DC600236E5B /* main.m in Sources */ = {isa = PBXBuildFile; fileRef = 06EE62E61DC59DC600236E5B /* main.m */; };
		06EE62EA1DC59DC600236E5B /* AppDelegate.m in Sources */ = {isa = PBXBuildFile; fileRef = 06EE62E91DC59DC600236E5B /* AppDelegate.m */; };
		06EE62ED1DC59DC600236E5B /* ViewController.m in Sources */ = {isa = PBXBuildFile; fileRef = 06EE62EC1DC59DC600236E5B /* ViewController.m */; };
		06EE62F01DC59DC600236E5B /* Main.storyboard in Resources */ = {isa = PBXBuildFile; fileRef = 06EE62EE1DC59DC600236E5B /* Main.storyboard */; };
		06EE62F21DC59DC600236E5B /* Assets.xcassets in Resources */ = {isa = PBXBuildFile; fileRef = 06EE62F11DC59DC600236E5B /* Assets.xcassets */; };
		06EE62F51DC59DC600236E5B /* LaunchScreen.storyboard in Resources */ = {isa = PBXBuildFile; fileRef = 06EE62F31DC59DC600236E5B /* LaunchScreen.storyboard */; };
		242E7C041DC787650017E828 /* UserManager.m in Sources */ = {isa = PBXBuildFile; fileRef = 242E7C031DC787650017E828 /* UserManager.m */; };
		242E7C071DC787790017E828 /* UserAccount.m in Sources */ = {isa = PBXBuildFile; fileRef = 242E7C061DC787790017E828 /* UserAccount.m */; };
		242E7C0A1DC792040017E828 /* ETMXTask.m in Sources */ = {isa = PBXBuildFile; fileRef = 242E7C091DC792040017E828 /* ETMXTask.m */; };
		242E7C0D1DC797EB0017E828 /* ETMXMachine.m in Sources */ = {isa = PBXBuildFile; fileRef = 242E7C0C1DC797EB0017E828 /* ETMXMachine.m */; };
		24DD77AD1DC61A8400AF5E64 /* NetWorkManager.m in Sources */ = {isa = PBXBuildFile; fileRef = 24DD77AC1DC61A8400AF5E64 /* NetWorkManager.m */; };
		24DD77B61DC6277100AF5E64 /* LibraryTest.m in Sources */ = {isa = PBXBuildFile; fileRef = 24DD77B51DC6277100AF5E64 /* LibraryTest.m */; };
		26DB2E1287062BCF69BEC5FF /* libPods-ETMX.a in Frameworks */ = {isa = PBXBuildFile; fileRef = 338C671B54C20BDC4031450E /* libPods-ETMX.a */; };
/* End PBXBuildFile section */

/* Begin PBXFileReference section */
		0687145E1DC5E56000896C58 /* LogiinViewController.h */ = {isa = PBXFileReference; fileEncoding = 4; lastKnownFileType = sourcecode.c.h; path = LogiinViewController.h; sourceTree = "<group>"; };
		0687145F1DC5E56000896C58 /* LogiinViewController.m */ = {isa = PBXFileReference; fileEncoding = 4; lastKnownFileType = sourcecode.c.objc; path = LogiinViewController.m; sourceTree = "<group>"; };
		06EE62E21DC59DC600236E5B /* ETMX.app */ = {isa = PBXFileReference; explicitFileType = wrapper.application; includeInIndex = 0; path = ETMX.app; sourceTree = BUILT_PRODUCTS_DIR; };
		06EE62E61DC59DC600236E5B /* main.m */ = {isa = PBXFileReference; lastKnownFileType = sourcecode.c.objc; path = main.m; sourceTree = "<group>"; };
		06EE62E81DC59DC600236E5B /* AppDelegate.h */ = {isa = PBXFileReference; lastKnownFileType = sourcecode.c.h; path = AppDelegate.h; sourceTree = "<group>"; };
		06EE62E91DC59DC600236E5B /* AppDelegate.m */ = {isa = PBXFileReference; lastKnownFileType = sourcecode.c.objc; path = AppDelegate.m; sourceTree = "<group>"; };
		06EE62EB1DC59DC600236E5B /* ViewController.h */ = {isa = PBXFileReference; lastKnownFileType = sourcecode.c.h; path = ViewController.h; sourceTree = "<group>"; };
		06EE62EC1DC59DC600236E5B /* ViewController.m */ = {isa = PBXFileReference; lastKnownFileType = sourcecode.c.objc; path = ViewController.m; sourceTree = "<group>"; };
		06EE62EF1DC59DC600236E5B /* Base */ = {isa = PBXFileReference; lastKnownFileType = file.storyboard; name = Base; path = Base.lproj/Main.storyboard; sourceTree = "<group>"; };
		06EE62F11DC59DC600236E5B /* Assets.xcassets */ = {isa = PBXFileReference; lastKnownFileType = folder.assetcatalog; path = Assets.xcassets; sourceTree = "<group>"; };
		06EE62F41DC59DC600236E5B /* Base */ = {isa = PBXFileReference; lastKnownFileType = file.storyboard; name = Base; path = Base.lproj/LaunchScreen.storyboard; sourceTree = "<group>"; };
		06EE62F61DC59DC600236E5B /* Info.plist */ = {isa = PBXFileReference; lastKnownFileType = text.plist.xml; path = Info.plist; sourceTree = "<group>"; };
		242E7C021DC787650017E828 /* UserManager.h */ = {isa = PBXFileReference; fileEncoding = 4; lastKnownFileType = sourcecode.c.h; path = UserManager.h; sourceTree = "<group>"; };
		242E7C031DC787650017E828 /* UserManager.m */ = {isa = PBXFileReference; fileEncoding = 4; lastKnownFileType = sourcecode.c.objc; path = UserManager.m; sourceTree = "<group>"; };
		242E7C051DC787790017E828 /* UserAccount.h */ = {isa = PBXFileReference; fileEncoding = 4; lastKnownFileType = sourcecode.c.h; path = UserAccount.h; sourceTree = "<group>"; };
		242E7C061DC787790017E828 /* UserAccount.m */ = {isa = PBXFileReference; fileEncoding = 4; lastKnownFileType = sourcecode.c.objc; path = UserAccount.m; sourceTree = "<group>"; };
		242E7C081DC792040017E828 /* ETMXTask.h */ = {isa = PBXFileReference; fileEncoding = 4; lastKnownFileType = sourcecode.c.h; path = ETMXTask.h; sourceTree = "<group>"; };
		242E7C091DC792040017E828 /* ETMXTask.m */ = {isa = PBXFileReference; fileEncoding = 4; lastKnownFileType = sourcecode.c.objc; path = ETMXTask.m; sourceTree = "<group>"; };
		242E7C0B1DC797EB0017E828 /* ETMXMachine.h */ = {isa = PBXFileReference; fileEncoding = 4; lastKnownFileType = sourcecode.c.h; path = ETMXMachine.h; sourceTree = "<group>"; };
		242E7C0C1DC797EB0017E828 /* ETMXMachine.m */ = {isa = PBXFileReference; fileEncoding = 4; lastKnownFileType = sourcecode.c.objc; path = ETMXMachine.m; sourceTree = "<group>"; };
		24DD77AB1DC61A8400AF5E64 /* NetWorkManager.h */ = {isa = PBXFileReference; fileEncoding = 4; lastKnownFileType = sourcecode.c.h; path = NetWorkManager.h; sourceTree = "<group>"; };
		24DD77AC1DC61A8400AF5E64 /* NetWorkManager.m */ = {isa = PBXFileReference; fileEncoding = 4; lastKnownFileType = sourcecode.c.objc; path = NetWorkManager.m; sourceTree = "<group>"; };
		24DD77B41DC6277100AF5E64 /* LibraryTest.h */ = {isa = PBXFileReference; fileEncoding = 4; lastKnownFileType = sourcecode.c.h; path = LibraryTest.h; sourceTree = "<group>"; };
		24DD77B51DC6277100AF5E64 /* LibraryTest.m */ = {isa = PBXFileReference; fileEncoding = 4; lastKnownFileType = sourcecode.c.objc; path = LibraryTest.m; sourceTree = "<group>"; };
		338C671B54C20BDC4031450E /* libPods-ETMX.a */ = {isa = PBXFileReference; explicitFileType = archive.ar; includeInIndex = 0; path = "libPods-ETMX.a"; sourceTree = BUILT_PRODUCTS_DIR; };
		6FFC382D2D1DF6B2BA0B298B /* Pods-ETMX.debug.xcconfig */ = {isa = PBXFileReference; includeInIndex = 1; lastKnownFileType = text.xcconfig; name = "Pods-ETMX.debug.xcconfig"; path = "Pods/Target Support Files/Pods-ETMX/Pods-ETMX.debug.xcconfig"; sourceTree = "<group>"; };
		7B396AE78F100209D4CEB92D /* Pods-ETMX.release.xcconfig */ = {isa = PBXFileReference; includeInIndex = 1; lastKnownFileType = text.xcconfig; name = "Pods-ETMX.release.xcconfig"; path = "Pods/Target Support Files/Pods-ETMX/Pods-ETMX.release.xcconfig"; sourceTree = "<group>"; };
/* End PBXFileReference section */

/* Begin PBXFrameworksBuildPhase section */
		06EE62DF1DC59DC500236E5B /* Frameworks */ = {
			isa = PBXFrameworksBuildPhase;
			buildActionMask = 2147483647;
			files = (
				26DB2E1287062BCF69BEC5FF /* libPods-ETMX.a in Frameworks */,
			);
			runOnlyForDeploymentPostprocessing = 0;
		};
/* End PBXFrameworksBuildPhase section */

/* Begin PBXGroup section */
		068714521DC5E3B800896C58 /* modules */ = {
			isa = PBXGroup;
			children = (
				24DD77AA1DC61A2F00AF5E64 /* TaskMainController */,
				0687145D1DC5E52D00896C58 /* LoginConttrol */,
			);
			name = modules;
			path = ETMX/modules;
			sourceTree = "<group>";
		};
		0687145B1DC5E4D000896C58 /* tools */ = {
			isa = PBXGroup;
			children = (
				24DD77AB1DC61A8400AF5E64 /* NetWorkManager.h */,
				24DD77AC1DC61A8400AF5E64 /* NetWorkManager.m */,
			);
			name = tools;
			path = ETMX/tools;
			sourceTree = "<group>";
		};
		0687145C1DC5E4E400896C58 /* Library */ = {
			isa = PBXGroup;
			children = (
				24DD77B41DC6277100AF5E64 /* LibraryTest.h */,
				24DD77B51DC6277100AF5E64 /* LibraryTest.m */,
			);
			name = Library;
			path = ETMX/Library;
			sourceTree = "<group>";
		};
		0687145D1DC5E52D00896C58 /* LoginConttrol */ = {
			isa = PBXGroup;
			children = (
				0687145E1DC5E56000896C58 /* LogiinViewController.h */,
				0687145F1DC5E56000896C58 /* LogiinViewController.m */,
			);
			path = LoginConttrol;
			sourceTree = "<group>";
		};
		06EE62D91DC59DC500236E5B = {
			isa = PBXGroup;
			children = (
				242E7BFF1DC7874D0017E828 /* Common */,
				0687145C1DC5E4E400896C58 /* Library */,
				0687145B1DC5E4D000896C58 /* tools */,
				068714521DC5E3B800896C58 /* modules */,
				06EE62E41DC59DC600236E5B /* ETMX */,
				06EE62E31DC59DC600236E5B /* Products */,
				EB2A95F403738CC21F4FD4E1 /* Frameworks */,
				A6F0D11C789142A20B74808E /* Pods */,
			);
			sourceTree = "<group>";
		};
		06EE62E31DC59DC600236E5B /* Products */ = {
			isa = PBXGroup;
			children = (
				06EE62E21DC59DC600236E5B /* ETMX.app */,
			);
			name = Products;
			sourceTree = "<group>";
		};
		06EE62E41DC59DC600236E5B /* ETMX */ = {
			isa = PBXGroup;
			children = (
				06EE62E81DC59DC600236E5B /* AppDelegate.h */,
				06EE62E91DC59DC600236E5B /* AppDelegate.m */,
				06EE62EB1DC59DC600236E5B /* ViewController.h */,
				06EE62EC1DC59DC600236E5B /* ViewController.m */,
				06EE62EE1DC59DC600236E5B /* Main.storyboard */,
				06EE62F11DC59DC600236E5B /* Assets.xcassets */,
				06EE62F31DC59DC600236E5B /* LaunchScreen.storyboard */,
				06EE62F61DC59DC600236E5B /* Info.plist */,
				06EE62E51DC59DC600236E5B /* Supporting Files */,
			);
			path = ETMX;
			sourceTree = "<group>";
		};
		06EE62E51DC59DC600236E5B /* Supporting Files */ = {
			isa = PBXGroup;
			children = (
				06EE62E61DC59DC600236E5B /* main.m */,
			);
			name = "Supporting Files";
			sourceTree = "<group>";
		};
		242E7BFF1DC7874D0017E828 /* Common */ = {
			isa = PBXGroup;
			children = (
				242E7C001DC7874D0017E828 /* Model */,
			);
			name = Common;
			path = ETMX/Common;
			sourceTree = "<group>";
		};
		242E7C001DC7874D0017E828 /* Model */ = {
			isa = PBXGroup;
			children = (
				242E7C011DC7874D0017E828 /* UserManager */,
				242E7C081DC792040017E828 /* ETMXTask.h */,
				242E7C091DC792040017E828 /* ETMXTask.m */,
				242E7C0B1DC797EB0017E828 /* ETMXMachine.h */,
				242E7C0C1DC797EB0017E828 /* ETMXMachine.m */,
			);
			path = Model;
			sourceTree = "<group>";
		};
		242E7C011DC7874D0017E828 /* UserManager */ = {
			isa = PBXGroup;
			children = (
				242E7C021DC787650017E828 /* UserManager.h */,
				242E7C031DC787650017E828 /* UserManager.m */,
				242E7C051DC787790017E828 /* UserAccount.h */,
				242E7C061DC787790017E828 /* UserAccount.m */,
			);
			path = UserManager;
			sourceTree = "<group>";
		};
		24DD77AA1DC61A2F00AF5E64 /* TaskMainController */ = {
			isa = PBXGroup;
			children = (
			);
			path = TaskMainController;
			sourceTree = "<group>";
		};
		A6F0D11C789142A20B74808E /* Pods */ = {
			isa = PBXGroup;
			children = (
				6FFC382D2D1DF6B2BA0B298B /* Pods-ETMX.debug.xcconfig */,
				7B396AE78F100209D4CEB92D /* Pods-ETMX.release.xcconfig */,
			);
			name = Pods;
			sourceTree = "<group>";
		};
		EB2A95F403738CC21F4FD4E1 /* Frameworks */ = {
			isa = PBXGroup;
			children = (
				338C671B54C20BDC4031450E /* libPods-ETMX.a */,
			);
			name = Frameworks;
			sourceTree = "<group>";
		};
/* End PBXGroup section */

/* Begin PBXNativeTarget section */
		06EE62E11DC59DC500236E5B /* ETMX */ = {
			isa = PBXNativeTarget;
			buildConfigurationList = 06EE62F91DC59DC600236E5B /* Build configuration list for PBXNativeTarget "ETMX" */;
			buildPhases = (
				E48B1550344D79EEF08D3505 /* [CP] Check Pods Manifest.lock */,
				06EE62DE1DC59DC500236E5B /* Sources */,
				06EE62DF1DC59DC500236E5B /* Frameworks */,
				06EE62E01DC59DC500236E5B /* Resources */,
				670A1FF7DD534A452AA55DE0 /* [CP] Embed Pods Frameworks */,
				A7A57594A41F4F981CFA2BC6 /* [CP] Copy Pods Resources */,
			);
			buildRules = (
			);
			dependencies = (
			);
			name = ETMX;
			productName = ETMX;
			productReference = 06EE62E21DC59DC600236E5B /* ETMX.app */;
			productType = "com.apple.product-type.application";
		};
/* End PBXNativeTarget section */

/* Begin PBXProject section */
		06EE62DA1DC59DC500236E5B /* Project object */ = {
			isa = PBXProject;
			attributes = {
				LastUpgradeCheck = 0800;
				ORGANIZATIONNAME = "杨香港";
				TargetAttributes = {
					06EE62E11DC59DC500236E5B = {
						CreatedOnToolsVersion = 8.0;
						DevelopmentTeam = U6Z55XY4LH;
						ProvisioningStyle = Automatic;
					};
				};
			};
			buildConfigurationList = 06EE62DD1DC59DC500236E5B /* Build configuration list for PBXProject "ETMX" */;
			compatibilityVersion = "Xcode 3.2";
			developmentRegion = English;
			hasScannedForEncodings = 0;
			knownRegions = (
				en,
				Base,
			);
			mainGroup = 06EE62D91DC59DC500236E5B;
			productRefGroup = 06EE62E31DC59DC600236E5B /* Products */;
			projectDirPath = "";
			projectRoot = "";
			targets = (
				06EE62E11DC59DC500236E5B /* ETMX */,
			);
		};
/* End PBXProject section */

/* Begin PBXResourcesBuildPhase section */
		06EE62E01DC59DC500236E5B /* Resources */ = {
			isa = PBXResourcesBuildPhase;
			buildActionMask = 2147483647;
			files = (
				06EE62F51DC59DC600236E5B /* LaunchScreen.storyboard in Resources */,
				06EE62F21DC59DC600236E5B /* Assets.xcassets in Resources */,
				06EE62F01DC59DC600236E5B /* Main.storyboard in Resources */,
			);
			runOnlyForDeploymentPostprocessing = 0;
		};
/* End PBXResourcesBuildPhase section */

/* Begin PBXShellScriptBuildPhase section */
		670A1FF7DD534A452AA55DE0 /* [CP] Embed Pods Frameworks */ = {
			isa = PBXShellScriptBuildPhase;
			buildActionMask = 2147483647;
			files = (
			);
			inputPaths = (
			);
			name = "[CP] Embed Pods Frameworks";
			outputPaths = (
			);
			runOnlyForDeploymentPostprocessing = 0;
			shellPath = /bin/sh;
			shellScript = "\"${SRCROOT}/Pods/Target Support Files/Pods-ETMX/Pods-ETMX-frameworks.sh\"\n";
			showEnvVarsInLog = 0;
		};
		A7A57594A41F4F981CFA2BC6 /* [CP] Copy Pods Resources */ = {
			isa = PBXShellScriptBuildPhase;
			buildActionMask = 2147483647;
			files = (
			);
			inputPaths = (
			);
			name = "[CP] Copy Pods Resources";
			outputPaths = (
			);
			runOnlyForDeploymentPostprocessing = 0;
			shellPath = /bin/sh;
			shellScript = "\"${SRCROOT}/Pods/Target Support Files/Pods-ETMX/Pods-ETMX-resources.sh\"\n";
			showEnvVarsInLog = 0;
		};
		E48B1550344D79EEF08D3505 /* [CP] Check Pods Manifest.lock */ = {
			isa = PBXShellScriptBuildPhase;
			buildActionMask = 2147483647;
			files = (
			);
			inputPaths = (
			);
			name = "[CP] Check Pods Manifest.lock";
			outputPaths = (
			);
			runOnlyForDeploymentPostprocessing = 0;
			shellPath = /bin/sh;
			shellScript = "diff \"${PODS_ROOT}/../Podfile.lock\" \"${PODS_ROOT}/Manifest.lock\" > /dev/null\nif [[ $? != 0 ]] ; then\n    cat << EOM\nerror: The sandbox is not in sync with the Podfile.lock. Run 'pod install' or update your CocoaPods installation.\nEOM\n    exit 1\nfi\n";
			showEnvVarsInLog = 0;
		};
/* End PBXShellScriptBuildPhase section */

/* Begin PBXSourcesBuildPhase section */
		06EE62DE1DC59DC500236E5B /* Sources */ = {
			isa = PBXSourcesBuildPhase;
			buildActionMask = 2147483647;
			files = (
				242E7C041DC787650017E828 /* UserManager.m in Sources */,
				06EE62ED1DC59DC600236E5B /* ViewController.m in Sources */,
				242E7C071DC787790017E828 /* UserAccount.m in Sources */,
				24DD77B61DC6277100AF5E64 /* LibraryTest.m in Sources */,
				06EE62EA1DC59DC600236E5B /* AppDelegate.m in Sources */,
				242E7C0D1DC797EB0017E828 /* ETMXMachine.m in Sources */,
				068714611DC5E56000896C58 /* LogiinViewController.m in Sources */,
				24DD77AD1DC61A8400AF5E64 /* NetWorkManager.m in Sources */,
				242E7C0A1DC792040017E828 /* ETMXTask.m in Sources */,
				06EE62E71DC59DC600236E5B /* main.m in Sources */,
			);
			runOnlyForDeploymentPostprocessing = 0;
		};
/* End PBXSourcesBuildPhase section */

/* Begin PBXVariantGroup section */
		06EE62EE1DC59DC600236E5B /* Main.storyboard */ = {
			isa = PBXVariantGroup;
			children = (
				06EE62EF1DC59DC600236E5B /* Base */,
			);
			name = Main.storyboard;
			sourceTree = "<group>";
		};
		06EE62F31DC59DC600236E5B /* LaunchScreen.storyboard */ = {
			isa = PBXVariantGroup;
			children = (
				06EE62F41DC59DC600236E5B /* Base */,
			);
			name = LaunchScreen.storyboard;
			sourceTree = "<group>";
		};
/* End PBXVariantGroup section */

/* Begin XCBuildConfiguration section */
		06EE62F71DC59DC600236E5B /* Debug */ = {
			isa = XCBuildConfiguration;
			buildSettings = {
				ALWAYS_SEARCH_USER_PATHS = NO;
				CLANG_ANALYZER_NONNULL = YES;
				CLANG_CXX_LANGUAGE_STANDARD = "gnu++0x";
				CLANG_CXX_LIBRARY = "libc++";
				CLANG_ENABLE_MODULES = YES;
				CLANG_ENABLE_OBJC_ARC = YES;
				CLANG_WARN_BOOL_CONVERSION = YES;
				CLANG_WARN_CONSTANT_CONVERSION = YES;
				CLANG_WARN_DIRECT_OBJC_ISA_USAGE = YES_ERROR;
				CLANG_WARN_DOCUMENTATION_COMMENTS = YES;
				CLANG_WARN_EMPTY_BODY = YES;
				CLANG_WARN_ENUM_CONVERSION = YES;
				CLANG_WARN_INFINITE_RECURSION = YES;
				CLANG_WARN_INT_CONVERSION = YES;
				CLANG_WARN_OBJC_ROOT_CLASS = YES_ERROR;
				CLANG_WARN_SUSPICIOUS_MOVES = YES;
				CLANG_WARN_UNREACHABLE_CODE = YES;
				CLANG_WARN__DUPLICATE_METHOD_MATCH = YES;
				"CODE_SIGN_IDENTITY[sdk=iphoneos*]" = "iPhone Developer";
				COPY_PHASE_STRIP = NO;
				DEBUG_INFORMATION_FORMAT = dwarf;
				ENABLE_STRICT_OBJC_MSGSEND = YES;
				ENABLE_TESTABILITY = YES;
				GCC_C_LANGUAGE_STANDARD = gnu99;
				GCC_DYNAMIC_NO_PIC = NO;
				GCC_NO_COMMON_BLOCKS = YES;
				GCC_OPTIMIZATION_LEVEL = 0;
				GCC_PREPROCESSOR_DEFINITIONS = (
					"DEBUG=1",
					"$(inherited)",
				);
				GCC_WARN_64_TO_32_BIT_CONVERSION = YES;
				GCC_WARN_ABOUT_RETURN_TYPE = YES_ERROR;
				GCC_WARN_UNDECLARED_SELECTOR = YES;
				GCC_WARN_UNINITIALIZED_AUTOS = YES_AGGRESSIVE;
				GCC_WARN_UNUSED_FUNCTION = YES;
				GCC_WARN_UNUSED_VARIABLE = YES;
				IPHONEOS_DEPLOYMENT_TARGET = 10.0;
				MTL_ENABLE_DEBUG_INFO = YES;
				ONLY_ACTIVE_ARCH = YES;
				SDKROOT = iphoneos;
			};
			name = Debug;
		};
		06EE62F81DC59DC600236E5B /* Release */ = {
			isa = XCBuildConfiguration;
			buildSettings = {
				ALWAYS_SEARCH_USER_PATHS = NO;
				CLANG_ANALYZER_NONNULL = YES;
				CLANG_CXX_LANGUAGE_STANDARD = "gnu++0x";
				CLANG_CXX_LIBRARY = "libc++";
				CLANG_ENABLE_MODULES = YES;
				CLANG_ENABLE_OBJC_ARC = YES;
				CLANG_WARN_BOOL_CONVERSION = YES;
				CLANG_WARN_CONSTANT_CONVERSION = YES;
				CLANG_WARN_DIRECT_OBJC_ISA_USAGE = YES_ERROR;
				CLANG_WARN_DOCUMENTATION_COMMENTS = YES;
				CLANG_WARN_EMPTY_BODY = YES;
				CLANG_WARN_ENUM_CONVERSION = YES;
				CLANG_WARN_INFINITE_RECURSION = YES;
				CLANG_WARN_INT_CONVERSION = YES;
				CLANG_WARN_OBJC_ROOT_CLASS = YES_ERROR;
				CLANG_WARN_SUSPICIOUS_MOVES = YES;
				CLANG_WARN_UNREACHABLE_CODE = YES;
				CLANG_WARN__DUPLICATE_METHOD_MATCH = YES;
				"CODE_SIGN_IDENTITY[sdk=iphoneos*]" = "iPhone Developer";
				COPY_PHASE_STRIP = NO;
				DEBUG_INFORMATION_FORMAT = "dwarf-with-dsym";
				ENABLE_NS_ASSERTIONS = NO;
				ENABLE_STRICT_OBJC_MSGSEND = YES;
				GCC_C_LANGUAGE_STANDARD = gnu99;
				GCC_NO_COMMON_BLOCKS = YES;
				GCC_WARN_64_TO_32_BIT_CONVERSION = YES;
				GCC_WARN_ABOUT_RETURN_TYPE = YES_ERROR;
				GCC_WARN_UNDECLARED_SELECTOR = YES;
				GCC_WARN_UNINITIALIZED_AUTOS = YES_AGGRESSIVE;
				GCC_WARN_UNUSED_FUNCTION = YES;
				GCC_WARN_UNUSED_VARIABLE = YES;
				IPHONEOS_DEPLOYMENT_TARGET = 10.0;
				MTL_ENABLE_DEBUG_INFO = NO;
				SDKROOT = iphoneos;
				VALIDATE_PRODUCT = YES;
			};
			name = Release;
		};
		06EE62FA1DC59DC600236E5B /* Debug */ = {
			isa = XCBuildConfiguration;
			baseConfigurationReference = 6FFC382D2D1DF6B2BA0B298B /* Pods-ETMX.debug.xcconfig */;
			buildSettings = {
				ASSETCATALOG_COMPILER_APPICON_NAME = AppIcon;
				CODE_SIGN_IDENTITY = "iPhone Developer";
				DEVELOPMENT_TEAM = U6Z55XY4LH;
				INFOPLIST_FILE = ETMX/Info.plist;
				IPHONEOS_DEPLOYMENT_TARGET = 7.0;
				LD_RUNPATH_SEARCH_PATHS = "$(inherited) @executable_path/Frameworks";
				PRODUCT_BUNDLE_IDENTIFIER = com.etms.cn;
				PRODUCT_NAME = "$(TARGET_NAME)";
				TARGETED_DEVICE_FAMILY = 2;
			};
			name = Debug;
		};
		06EE62FB1DC59DC600236E5B /* Release */ = {
			isa = XCBuildConfiguration;
			baseConfigurationReference = 7B396AE78F100209D4CEB92D /* Pods-ETMX.release.xcconfig */;
			buildSettings = {
				ASSETCATALOG_COMPILER_APPICON_NAME = AppIcon;
				CODE_SIGN_IDENTITY = "iPhone Developer";
				DEVELOPMENT_TEAM = U6Z55XY4LH;
				INFOPLIST_FILE = ETMX/Info.plist;
				IPHONEOS_DEPLOYMENT_TARGET = 7.0;
				LD_RUNPATH_SEARCH_PATHS = "$(inherited) @executable_path/Frameworks";
				PRODUCT_BUNDLE_IDENTIFIER = com.etms.cn;
				PRODUCT_NAME = "$(TARGET_NAME)";
				TARGETED_DEVICE_FAMILY = 2;
			};
			name = Release;
		};
/* End XCBuildConfiguration section */

/* Begin XCConfigurationList section */
		06EE62DD1DC59DC500236E5B /* Build configuration list for PBXProject "ETMX" */ = {
			isa = XCConfigurationList;
			buildConfigurations = (
				06EE62F71DC59DC600236E5B /* Debug */,
				06EE62F81DC59DC600236E5B /* Release */,
			);
			defaultConfigurationIsVisible = 0;
			defaultConfigurationName = Release;
		};
		06EE62F91DC59DC600236E5B /* Build configuration list for PBXNativeTarget "ETMX" */ = {
			isa = XCConfigurationList;
			buildConfigurations = (
				06EE62FA1DC59DC600236E5B /* Debug */,
				06EE62FB1DC59DC600236E5B /* Release */,
			);
			defaultConfigurationIsVisible = 0;
			defaultConfigurationName = Release;
		};
/* End XCConfigurationList section */
	};
	rootObject = 06EE62DA1DC59DC500236E5B /* Project object */;
}
